{
  "version": 4,
  "terraform_version": "1.3.5",
  "serial": 14,
  "lineage": "d5013132-bb66-e613-895e-cb7c2300b5a3",
  "outputs": {},
  "resources": [
    {
      "mode": "managed",
      "type": "local_file",
      "name": "devops-map-variable",
      "provider": "provider[\"registry.terraform.io/hashicorp/local\"]",
      "instances": [
        {
          "schema_version": 0,
          "attributes": {
            "content": "This is my second content",
            "content_base64": null,
            "directory_permission": "0777",
            "file_permission": "0777",
            "filename": "/home/rushal/Desktop/terraform/terraform-variable/variable1.txt",
            "id": "cd046b47701b8e42fc54d354a5e283ad732d8393",
            "sensitive_content": null,
            "source": null
          },
          "sensitive_attributes": [],
          "private": "bnVsbA=="
        }
      ]
    },
    {
      "mode": "managed",
      "type": "local_file",
      "name": "devops-variable",
      "provider": "provider[\"registry.terraform.io/hashicorp/local\"]",
      "instances": [
        {
          "schema_version": 0,
          "attributes": {
            "content": "This is my first variable content",
            "content_base64": null,
            "directory_permission": "0777",
            "file_permission": "0777",
            "filename": "/home/rushal/Desktop/terraform/terraform-variable/variable1.txt",
            "id": "7de7f976bcb7f858c7b95056b61601720b78afcf",
            "sensitive_content": null,
            "source": null
          },
          "sensitive_attributes": [],
          "private": "bnVsbA=="
        }
      ]
    }
  ],
  "check_results": null
}
